
Microsoft Visual Studio Solution File, Format Version 12.00
# Visual Studio Version 17
VisualStudioVersion = 17.7.34031.279
MinimumVisualStudioVersion = 10.0.40219.1
Project("{FAE04EC0-301F-11D3-BF4B-00C04F79EFBC}") = "str28.4", "str28.4\str28.4.csproj", "{F71C60DF-5C4A-4E26-BC4A-7AB8B22279C2}"
EndProject
Global
	GlobalSection(SolutionConfigurationPlatforms) = preSolution
		Debug|Any CPU = Debug|Any CPU
		Release|Any CPU = Release|Any CPU
	EndGlobalSection
	GlobalSection(ProjectConfigurationPlatforms) = postSolution
		{F71C60DF-5C4A-4E26-BC4A-7AB8B22279C2}.Debug|Any CPU.ActiveCfg = Debug|Any CPU
		{F71C60DF-5C4A-4E26-BC4A-7AB8B22279C2}.Debug|Any CPU.Build.0 = Debug|Any CPU
		{F71C60DF-5C4A-4E26-BC4A-7AB8B22279C2}.Release|Any CPU.ActiveCfg = Release|Any CPU
		{F71C60DF-5C4A-4E26-BC4A-7AB8B22279C2}.Release|Any CPU.Build.0 = Release|Any CPU
	EndGlobalSection
	GlobalSection(SolutionProperties) = preSolution
		HideSolutionNode = FALSE
	EndGlobalSection
	GlobalSection(ExtensibilityGlobals) = postSolution
		SolutionGuid = {4E0A49FE-6190-444D-AE8E-B9512BD1A1C1}
	EndGlobalSection
EndGlobal
