
Microsoft Visual Studio Solution File, Format Version 12.00
# Visual Studio Version 17
VisualStudioVersion = 17.7.34031.279
MinimumVisualStudioVersion = 10.0.40219.1
Project("{FAE04EC0-301F-11D3-BF4B-00C04F79EFBC}") = "str28.6", "str28.6\str28.6.csproj", "{CBE975AF-84E3-40FA-9F65-36A6F77512BF}"
EndProject
Global
	GlobalSection(SolutionConfigurationPlatforms) = preSolution
		Debug|Any CPU = Debug|Any CPU
		Release|Any CPU = Release|Any CPU
	EndGlobalSection
	GlobalSection(ProjectConfigurationPlatforms) = postSolution
		{CBE975AF-84E3-40FA-9F65-36A6F77512BF}.Debug|Any CPU.ActiveCfg = Debug|Any CPU
		{CBE975AF-84E3-40FA-9F65-36A6F77512BF}.Debug|Any CPU.Build.0 = Debug|Any CPU
		{CBE975AF-84E3-40FA-9F65-36A6F77512BF}.Release|Any CPU.ActiveCfg = Release|Any CPU
		{CBE975AF-84E3-40FA-9F65-36A6F77512BF}.Release|Any CPU.Build.0 = Release|Any CPU
	EndGlobalSection
	GlobalSection(SolutionProperties) = preSolution
		HideSolutionNode = FALSE
	EndGlobalSection
	GlobalSection(ExtensibilityGlobals) = postSolution
		SolutionGuid = {B303C3B5-2593-47BA-A32F-681D6657496C}
	EndGlobalSection
EndGlobal
