
Microsoft Visual Studio Solution File, Format Version 12.00
# Visual Studio Version 17
VisualStudioVersion = 17.7.34031.279
MinimumVisualStudioVersion = 10.0.40219.1
Project("{FAE04EC0-301F-11D3-BF4B-00C04F79EFBC}") = "str28.5", "str28.5\str28.5.csproj", "{2621EA43-8F7C-4C6E-BBD3-D25761F3C10F}"
EndProject
Global
	GlobalSection(SolutionConfigurationPlatforms) = preSolution
		Debug|Any CPU = Debug|Any CPU
		Release|Any CPU = Release|Any CPU
	EndGlobalSection
	GlobalSection(ProjectConfigurationPlatforms) = postSolution
		{2621EA43-8F7C-4C6E-BBD3-D25761F3C10F}.Debug|Any CPU.ActiveCfg = Debug|Any CPU
		{2621EA43-8F7C-4C6E-BBD3-D25761F3C10F}.Debug|Any CPU.Build.0 = Debug|Any CPU
		{2621EA43-8F7C-4C6E-BBD3-D25761F3C10F}.Release|Any CPU.ActiveCfg = Release|Any CPU
		{2621EA43-8F7C-4C6E-BBD3-D25761F3C10F}.Release|Any CPU.Build.0 = Release|Any CPU
	EndGlobalSection
	GlobalSection(SolutionProperties) = preSolution
		HideSolutionNode = FALSE
	EndGlobalSection
	GlobalSection(ExtensibilityGlobals) = postSolution
		SolutionGuid = {D35A2A5C-550D-43C4-A60A-9AF2AD5F81B4}
	EndGlobalSection
EndGlobal
